{
  "name": "pdftojpg",
  "version": "1.0.0",
  "lockfileVersion": 3,
  "requires": true,
  "packages": {
    "": {
      "name": "pdftojpg",
      "version": "1.0.0",
      "license": "ISC",
      "dependencies": {
        "pdf-poppler": "^0.2.1"
      }
    },
    "node_modules/pdf-poppler": {
      "version": "0.2.1",
      "resolved": "https://registry.npmjs.org/pdf-poppler/-/pdf-poppler-0.2.1.tgz",
      "integrity": "sha512-ilrm02mfsha1pR1wmiVKNRIkjvSo70gorg3DIPOzCl6pFU5S39z+gTHLiwIKn808H4YVYVnm6JstUhGNfiGKXg==",
      "license": "ISC"
    }
  }
}
